{
  "name": "mathsheetserver",
  "version": "1.0.0",
  "lockfileVersion": 2,
  "requires": true,
  "packages": {
    "": {
      "name": "mathsheetserver",
      "version": "1.0.0",
      "license": "ISC",
      "dependencies": {
        "lean-client-js-node": "^3.0.0"
      }
    },
    "node_modules/@types/node": {
      "version": "9.6.61",
      "resolved": "https://registry.npmjs.org/@types/node/-/node-9.6.61.tgz",
      "integrity": "sha512-/aKAdg5c8n468cYLy2eQrcR5k6chlbNwZNGUj3TboyPa2hcO2QAJcfymlqPzMiRj8B6nYKXjzQz36minFE0RwQ=="
    },
    "node_modules/lean-client-js-core": {
      "version": "3.0.0",
      "resolved": "https://registry.npmjs.org/lean-client-js-core/-/lean-client-js-core-3.0.0.tgz",
      "integrity": "sha512-6CRq/lqN5lusK1TtYWMTigMMjswZ2scJT5HDVa9bb3p28iFVMHBFQxQnWytiBzV9AVGSjSikbYri3uwUW6qB0Q==",
      "dependencies": {
        "@types/node": "^9.4.6"
      }
    },
    "node_modules/lean-client-js-node": {
      "version": "3.0.0",
      "resolved": "https://registry.npmjs.org/lean-client-js-node/-/lean-client-js-node-3.0.0.tgz",
      "integrity": "sha512-VU3F/BhCTrpsk/8Jnm5vs9JWba64qN9Y5Z5ItHcdo8vSgo5VDaNz+7o0ZWGJw1Gc90XgCJtMi2iuFyW0CV+TJQ==",
      "dependencies": {
        "@types/node": "^9.4.6",
        "lean-client-js-core": "^3.0.0"
      }
    }
  },
  "dependencies": {
    "@types/node": {
      "version": "9.6.61",
      "resolved": "https://registry.npmjs.org/@types/node/-/node-9.6.61.tgz",
      "integrity": "sha512-/aKAdg5c8n468cYLy2eQrcR5k6chlbNwZNGUj3TboyPa2hcO2QAJcfymlqPzMiRj8B6nYKXjzQz36minFE0RwQ=="
    },
    "lean-client-js-core": {
      "version": "3.0.0",
      "resolved": "https://registry.npmjs.org/lean-client-js-core/-/lean-client-js-core-3.0.0.tgz",
      "integrity": "sha512-6CRq/lqN5lusK1TtYWMTigMMjswZ2scJT5HDVa9bb3p28iFVMHBFQxQnWytiBzV9AVGSjSikbYri3uwUW6qB0Q==",
      "requires": {
        "@types/node": "^9.4.6"
      }
    },
    "lean-client-js-node": {
      "version": "3.0.0",
      "resolved": "https://registry.npmjs.org/lean-client-js-node/-/lean-client-js-node-3.0.0.tgz",
      "integrity": "sha512-VU3F/BhCTrpsk/8Jnm5vs9JWba64qN9Y5Z5ItHcdo8vSgo5VDaNz+7o0ZWGJw1Gc90XgCJtMi2iuFyW0CV+TJQ==",
      "requires": {
        "@types/node": "^9.4.6",
        "lean-client-js-core": "^3.0.0"
      }
    }
  }
}
